// !$*UTF8*$!
{
	archiveVersion = 1;
	classes = {
	};
	objectVersion = 48;
	objects = {

/* Begin PBXBuildFile section */
		AD71958F1FE49BC900F65030 /* AppDelegate.swift in Sources */ = {isa = PBXBuildFile; fileRef = AD71958E1FE49BC900F65030 /* AppDelegate.swift */; };
		AD7195941FE49BC900F65030 /* Main.storyboard in Resources */ = {isa = PBXBuildFile; fileRef = AD7195921FE49BC900F65030 /* Main.storyboard */; };
		AD7195961FE49BC900F65030 /* Assets.xcassets in Resources */ = {isa = PBXBuildFile; fileRef = AD7195951FE49BC900F65030 /* Assets.xcassets */; };
		AD7195991FE49BC900F65030 /* LaunchScreen.storyboard in Resources */ = {isa = PBXBuildFile; fileRef = AD7195971FE49BC900F65030 /* LaunchScreen.storyboard */; };
		AD7195A51FE49C4B00F65030 /* Global.swift in Sources */ = {isa = PBXBuildFile; fileRef = AD7195A31FE49C4B00F65030 /* Global.swift */; };
		AD7195A91FE4A1C300F65030 /* PPHandler.swift in Sources */ = {isa = PBXBuildFile; fileRef = AD7195A81FE4A1C300F65030 /* PPHandler.swift */; };
		AD7195BC1FE4A67E00F65030 /* NearbyPeersTableViewCell.swift in Sources */ = {isa = PBXBuildFile; fileRef = AD7195B81FE4A67E00F65030 /* NearbyPeersTableViewCell.swift */; };
		AD7195BD1FE4A67E00F65030 /* NearbyPeersTableViewController.swift in Sources */ = {isa = PBXBuildFile; fileRef = AD7195B91FE4A67E00F65030 /* NearbyPeersTableViewController.swift */; };
		AD7195BE1FE4A67E00F65030 /* SearchingIndicatorTableViewCell.swift in Sources */ = {isa = PBXBuildFile; fileRef = AD7195BA1FE4A67E00F65030 /* SearchingIndicatorTableViewCell.swift */; };
		AD7195BF1FE4A67E00F65030 /* PlayViewController.swift in Sources */ = {isa = PBXBuildFile; fileRef = AD7195BB1FE4A67E00F65030 /* PlayViewController.swift */; };
		AD7195C11FE4A6A100F65030 /* Peer.swift in Sources */ = {isa = PBXBuildFile; fileRef = AD7195C01FE4A6A100F65030 /* Peer.swift */; };
		AD7195C31FE4A94C00F65030 /* Base.storyboard in Resources */ = {isa = PBXBuildFile; fileRef = AD7195C21FE4A94C00F65030 /* Base.storyboard */; };
		AD773A0F1FE6FE69001577BF /* ViewController.swift in Sources */ = {isa = PBXBuildFile; fileRef = AD773A0E1FE6FE69001577BF /* ViewController.swift */; };
/* End PBXBuildFile section */

/* Begin PBXFileReference section */
		AD71958B1FE49BC900F65030 /* KamasUltraBase.app */ = {isa = PBXFileReference; explicitFileType = wrapper.application; includeInIndex = 0; path = KamasUltraBase.app; sourceTree = BUILT_PRODUCTS_DIR; };
		AD71958E1FE49BC900F65030 /* AppDelegate.swift */ = {isa = PBXFileReference; lastKnownFileType = sourcecode.swift; path = AppDelegate.swift; sourceTree = "<group>"; };
		AD7195931FE49BC900F65030 /* Base */ = {isa = PBXFileReference; lastKnownFileType = file.storyboard; name = Base; path = Base.lproj/Main.storyboard; sourceTree = "<group>"; };
		AD7195951FE49BC900F65030 /* Assets.xcassets */ = {isa = PBXFileReference; lastKnownFileType = folder.assetcatalog; path = Assets.xcassets; sourceTree = "<group>"; };
		AD7195981FE49BC900F65030 /* Base */ = {isa = PBXFileReference; lastKnownFileType = file.storyboard; name = Base; path = Base.lproj/LaunchScreen.storyboard; sourceTree = "<group>"; };
		AD71959A1FE49BC900F65030 /* Info.plist */ = {isa = PBXFileReference; lastKnownFileType = text.plist.xml; path = Info.plist; sourceTree = "<group>"; };
		AD7195A31FE49C4B00F65030 /* Global.swift */ = {isa = PBXFileReference; fileEncoding = 4; lastKnownFileType = sourcecode.swift; path = Global.swift; sourceTree = "<group>"; };
		AD7195A81FE4A1C300F65030 /* PPHandler.swift */ = {isa = PBXFileReference; lastKnownFileType = sourcecode.swift; path = PPHandler.swift; sourceTree = "<group>"; };
		AD7195B81FE4A67E00F65030 /* NearbyPeersTableViewCell.swift */ = {isa = PBXFileReference; fileEncoding = 4; lastKnownFileType = sourcecode.swift; path = NearbyPeersTableViewCell.swift; sourceTree = "<group>"; };
		AD7195B91FE4A67E00F65030 /* NearbyPeersTableViewController.swift */ = {isa = PBXFileReference; fileEncoding = 4; lastKnownFileType = sourcecode.swift; path = NearbyPeersTableViewController.swift; sourceTree = "<group>"; };
		AD7195BA1FE4A67E00F65030 /* SearchingIndicatorTableViewCell.swift */ = {isa = PBXFileReference; fileEncoding = 4; lastKnownFileType = sourcecode.swift; path = SearchingIndicatorTableViewCell.swift; sourceTree = "<group>"; };
		AD7195BB1FE4A67E00F65030 /* PlayViewController.swift */ = {isa = PBXFileReference; fileEncoding = 4; lastKnownFileType = sourcecode.swift; path = PlayViewController.swift; sourceTree = "<group>"; };
		AD7195C01FE4A6A100F65030 /* Peer.swift */ = {isa = PBXFileReference; fileEncoding = 4; lastKnownFileType = sourcecode.swift; path = Peer.swift; sourceTree = "<group>"; };
		AD7195C21FE4A94C00F65030 /* Base.storyboard */ = {isa = PBXFileReference; fileEncoding = 4; lastKnownFileType = file.storyboard; path = Base.storyboard; sourceTree = "<group>"; };
		AD773A0E1FE6FE69001577BF /* ViewController.swift */ = {isa = PBXFileReference; lastKnownFileType = sourcecode.swift; path = ViewController.swift; sourceTree = "<group>"; };
/* End PBXFileReference section */

/* Begin PBXFrameworksBuildPhase section */
		AD7195881FE49BC900F65030 /* Frameworks */ = {
			isa = PBXFrameworksBuildPhase;
			buildActionMask = 2147483647;
			files = (
			);
			runOnlyForDeploymentPostprocessing = 0;
		};
/* End PBXFrameworksBuildPhase section */

/* Begin PBXGroup section */
		AD7195821FE49BC900F65030 = {
			isa = PBXGroup;
			children = (
				AD71958D1FE49BC900F65030 /* KamasUltraBase */,
				AD71958C1FE49BC900F65030 /* Products */,
			);
			sourceTree = "<group>";
		};
		AD71958C1FE49BC900F65030 /* Products */ = {
			isa = PBXGroup;
			children = (
				AD71958B1FE49BC900F65030 /* KamasUltraBase.app */,
			);
			name = Products;
			sourceTree = "<group>";
		};
		AD71958D1FE49BC900F65030 /* KamasUltraBase */ = {
			isa = PBXGroup;
			children = (
				AD7195A31FE49C4B00F65030 /* Global.swift */,
				AD7195B71FE4A67E00F65030 /* ViewControllers */,
				AD7195A01FE49C2700F65030 /* Peer2Peer */,
				AD71958E1FE49BC900F65030 /* AppDelegate.swift */,
				AD7195C21FE4A94C00F65030 /* Base.storyboard */,
				AD7195921FE49BC900F65030 /* Main.storyboard */,
				AD7195951FE49BC900F65030 /* Assets.xcassets */,
				AD7195971FE49BC900F65030 /* LaunchScreen.storyboard */,
				AD71959A1FE49BC900F65030 /* Info.plist */,
				AD773A0E1FE6FE69001577BF /* ViewController.swift */,
			);
			path = KamasUltraBase;
			sourceTree = "<group>";
		};
		AD7195A01FE49C2700F65030 /* Peer2Peer */ = {
			isa = PBXGroup;
			children = (
				AD7195C01FE4A6A100F65030 /* Peer.swift */,
				AD7195A81FE4A1C300F65030 /* PPHandler.swift */,
			);
			path = Peer2Peer;
			sourceTree = "<group>";
		};
		AD7195B71FE4A67E00F65030 /* ViewControllers */ = {
			isa = PBXGroup;
			children = (
				AD7195B81FE4A67E00F65030 /* NearbyPeersTableViewCell.swift */,
				AD7195B91FE4A67E00F65030 /* NearbyPeersTableViewController.swift */,
				AD7195BA1FE4A67E00F65030 /* SearchingIndicatorTableViewCell.swift */,
				AD7195BB1FE4A67E00F65030 /* PlayViewController.swift */,
			);
			path = ViewControllers;
			sourceTree = "<group>";
		};
/* End PBXGroup section */

/* Begin PBXNativeTarget section */
		AD71958A1FE49BC900F65030 /* KamasUltraBase */ = {
			isa = PBXNativeTarget;
			buildConfigurationList = AD71959D1FE49BC900F65030 /* Build configuration list for PBXNativeTarget "KamasUltraBase" */;
			buildPhases = (
				AD7195871FE49BC900F65030 /* Sources */,
				AD7195881FE49BC900F65030 /* Frameworks */,
				AD7195891FE49BC900F65030 /* Resources */,
			);
			buildRules = (
			);
			dependencies = (
			);
			name = KamasUltraBase;
			productName = KamasUltraBase;
			productReference = AD71958B1FE49BC900F65030 /* KamasUltraBase.app */;
			productType = "com.apple.product-type.application";
		};
/* End PBXNativeTarget section */

/* Begin PBXProject section */
		AD7195831FE49BC900F65030 /* Project object */ = {
			isa = PBXProject;
			attributes = {
				LastSwiftUpdateCheck = 0920;
				LastUpgradeCheck = 0920;
				ORGANIZATIONNAME = "Tassio Marques";
				TargetAttributes = {
					AD71958A1FE49BC900F65030 = {
						CreatedOnToolsVersion = 9.2;
						ProvisioningStyle = Automatic;
					};
				};
			};
			buildConfigurationList = AD7195861FE49BC900F65030 /* Build configuration list for PBXProject "KamasUltraBase" */;
			compatibilityVersion = "Xcode 8.0";
			developmentRegion = en;
			hasScannedForEncodings = 0;
			knownRegions = (
				en,
				Base,
			);
			mainGroup = AD7195821FE49BC900F65030;
			productRefGroup = AD71958C1FE49BC900F65030 /* Products */;
			projectDirPath = "";
			projectRoot = "";
			targets = (
				AD71958A1FE49BC900F65030 /* KamasUltraBase */,
			);
		};
/* End PBXProject section */

/* Begin PBXResourcesBuildPhase section */
		AD7195891FE49BC900F65030 /* Resources */ = {
			isa = PBXResourcesBuildPhase;
			buildActionMask = 2147483647;
			files = (
				AD7195991FE49BC900F65030 /* LaunchScreen.storyboard in Resources */,
				AD7195C31FE4A94C00F65030 /* Base.storyboard in Resources */,
				AD7195961FE49BC900F65030 /* Assets.xcassets in Resources */,
				AD7195941FE49BC900F65030 /* Main.storyboard in Resources */,
			);
			runOnlyForDeploymentPostprocessing = 0;
		};
/* End PBXResourcesBuildPhase section */

/* Begin PBXSourcesBuildPhase section */
		AD7195871FE49BC900F65030 /* Sources */ = {
			isa = PBXSourcesBuildPhase;
			buildActionMask = 2147483647;
			files = (
				AD773A0F1FE6FE69001577BF /* ViewController.swift in Sources */,
				AD7195BF1FE4A67E00F65030 /* PlayViewController.swift in Sources */,
				AD7195BC1FE4A67E00F65030 /* NearbyPeersTableViewCell.swift in Sources */,
				AD7195BD1FE4A67E00F65030 /* NearbyPeersTableViewController.swift in Sources */,
				AD7195BE1FE4A67E00F65030 /* SearchingIndicatorTableViewCell.swift in Sources */,
				AD7195A51FE49C4B00F65030 /* Global.swift in Sources */,
				AD7195C11FE4A6A100F65030 /* Peer.swift in Sources */,
				AD71958F1FE49BC900F65030 /* AppDelegate.swift in Sources */,
				AD7195A91FE4A1C300F65030 /* PPHandler.swift in Sources */,
			);
			runOnlyForDeploymentPostprocessing = 0;
		};
/* End PBXSourcesBuildPhase section */

/* Begin PBXVariantGroup section */
		AD7195921FE49BC900F65030 /* Main.storyboard */ = {
			isa = PBXVariantGroup;
			children = (
				AD7195931FE49BC900F65030 /* Base */,
			);
			name = Main.storyboard;
			sourceTree = "<group>";
		};
		AD7195971FE49BC900F65030 /* LaunchScreen.storyboard */ = {
			isa = PBXVariantGroup;
			children = (
				AD7195981FE49BC900F65030 /* Base */,
			);
			name = LaunchScreen.storyboard;
			sourceTree = "<group>";
		};
/* End PBXVariantGroup section */

/* Begin XCBuildConfiguration section */
		AD71959B1FE49BC900F65030 /* Debug */ = {
			isa = XCBuildConfiguration;
			buildSettings = {
				ALWAYS_SEARCH_USER_PATHS = NO;
				CLANG_ANALYZER_NONNULL = YES;
				CLANG_ANALYZER_NUMBER_OBJECT_CONVERSION = YES_AGGRESSIVE;
				CLANG_CXX_LANGUAGE_STANDARD = "gnu++14";
				CLANG_CXX_LIBRARY = "libc++";
				CLANG_ENABLE_MODULES = YES;
				CLANG_ENABLE_OBJC_ARC = YES;
				CLANG_WARN_BLOCK_CAPTURE_AUTORELEASING = YES;
				CLANG_WARN_BOOL_CONVERSION = YES;
				CLANG_WARN_COMMA = YES;
				CLANG_WARN_CONSTANT_CONVERSION = YES;
				CLANG_WARN_DIRECT_OBJC_ISA_USAGE = YES_ERROR;
				CLANG_WARN_DOCUMENTATION_COMMENTS = YES;
				CLANG_WARN_EMPTY_BODY = YES;
				CLANG_WARN_ENUM_CONVERSION = YES;
				CLANG_WARN_INFINITE_RECURSION = YES;
				CLANG_WARN_INT_CONVERSION = YES;
				CLANG_WARN_NON_LITERAL_NULL_CONVERSION = YES;
				CLANG_WARN_OBJC_LITERAL_CONVERSION = YES;
				CLANG_WARN_OBJC_ROOT_CLASS = YES_ERROR;
				CLANG_WARN_RANGE_LOOP_ANALYSIS = YES;
				CLANG_WARN_STRICT_PROTOTYPES = YES;
				CLANG_WARN_SUSPICIOUS_MOVE = YES;
				CLANG_WARN_UNGUARDED_AVAILABILITY = YES_AGGRESSIVE;
				CLANG_WARN_UNREACHABLE_CODE = YES;
				CLANG_WARN__DUPLICATE_METHOD_MATCH = YES;
				CODE_SIGN_IDENTITY = "iPhone Developer";
				COPY_PHASE_STRIP = NO;
				DEBUG_INFORMATION_FORMAT = dwarf;
				ENABLE_STRICT_OBJC_MSGSEND = YES;
				ENABLE_TESTABILITY = YES;
				GCC_C_LANGUAGE_STANDARD = gnu11;
				GCC_DYNAMIC_NO_PIC = NO;
				GCC_NO_COMMON_BLOCKS = YES;
				GCC_OPTIMIZATION_LEVEL = 0;
				GCC_PREPROCESSOR_DEFINITIONS = (
					"DEBUG=1",
					"$(inherited)",
				);
				GCC_WARN_64_TO_32_BIT_CONVERSION = YES;
				GCC_WARN_ABOUT_RETURN_TYPE = YES_ERROR;
				GCC_WARN_UNDECLARED_SELECTOR = YES;
				GCC_WARN_UNINITIALIZED_AUTOS = YES_AGGRESSIVE;
				GCC_WARN_UNUSED_FUNCTION = YES;
				GCC_WARN_UNUSED_VARIABLE = YES;
				IPHONEOS_DEPLOYMENT_TARGET = 11.2;
				MTL_ENABLE_DEBUG_INFO = YES;
				ONLY_ACTIVE_ARCH = YES;
				SDKROOT = iphoneos;
				SWIFT_ACTIVE_COMPILATION_CONDITIONS = DEBUG;
				SWIFT_OPTIMIZATION_LEVEL = "-Onone";
			};
			name = Debug;
		};
		AD71959C1FE49BC900F65030 /* Release */ = {
			isa = XCBuildConfiguration;
			buildSettings = {
				ALWAYS_SEARCH_USER_PATHS = NO;
				CLANG_ANALYZER_NONNULL = YES;
				CLANG_ANALYZER_NUMBER_OBJECT_CONVERSION = YES_AGGRESSIVE;
				CLANG_CXX_LANGUAGE_STANDARD = "gnu++14";
				CLANG_CXX_LIBRARY = "libc++";
				CLANG_ENABLE_MODULES = YES;
				CLANG_ENABLE_OBJC_ARC = YES;
				CLANG_WARN_BLOCK_CAPTURE_AUTORELEASING = YES;
				CLANG_WARN_BOOL_CONVERSION = YES;
				CLANG_WARN_COMMA = YES;
				CLANG_WARN_CONSTANT_CONVERSION = YES;
				CLANG_WARN_DIRECT_OBJC_ISA_USAGE = YES_ERROR;
				CLANG_WARN_DOCUMENTATION_COMMENTS = YES;
				CLANG_WARN_EMPTY_BODY = YES;
				CLANG_WARN_ENUM_CONVERSION = YES;
				CLANG_WARN_INFINITE_RECURSION = YES;
				CLANG_WARN_INT_CONVERSION = YES;
				CLANG_WARN_NON_LITERAL_NULL_CONVERSION = YES;
				CLANG_WARN_OBJC_LITERAL_CONVERSION = YES;
				CLANG_WARN_OBJC_ROOT_CLASS = YES_ERROR;
				CLANG_WARN_RANGE_LOOP_ANALYSIS = YES;
				CLANG_WARN_STRICT_PROTOTYPES = YES;
				CLANG_WARN_SUSPICIOUS_MOVE = YES;
				CLANG_WARN_UNGUARDED_AVAILABILITY = YES_AGGRESSIVE;
				CLANG_WARN_UNREACHABLE_CODE = YES;
				CLANG_WARN__DUPLICATE_METHOD_MATCH = YES;
				CODE_SIGN_IDENTITY = "iPhone Developer";
				COPY_PHASE_STRIP = NO;
				DEBUG_INFORMATION_FORMAT = "dwarf-with-dsym";
				ENABLE_NS_ASSERTIONS = NO;
				ENABLE_STRICT_OBJC_MSGSEND = YES;
				GCC_C_LANGUAGE_STANDARD = gnu11;
				GCC_NO_COMMON_BLOCKS = YES;
				GCC_WARN_64_TO_32_BIT_CONVERSION = YES;
				GCC_WARN_ABOUT_RETURN_TYPE = YES_ERROR;
				GCC_WARN_UNDECLARED_SELECTOR = YES;
				GCC_WARN_UNINITIALIZED_AUTOS = YES_AGGRESSIVE;
				GCC_WARN_UNUSED_FUNCTION = YES;
				GCC_WARN_UNUSED_VARIABLE = YES;
				IPHONEOS_DEPLOYMENT_TARGET = 11.2;
				MTL_ENABLE_DEBUG_INFO = NO;
				SDKROOT = iphoneos;
				SWIFT_OPTIMIZATION_LEVEL = "-Owholemodule";
				VALIDATE_PRODUCT = YES;
			};
			name = Release;
		};
		AD71959E1FE49BC900F65030 /* Debug */ = {
			isa = XCBuildConfiguration;
			buildSettings = {
				ASSETCATALOG_COMPILER_APPICON_NAME = AppIcon;
				CODE_SIGN_STYLE = Automatic;
				DEVELOPMENT_TEAM = JWYZUH34NP;
				INFOPLIST_FILE = KamasUltraBase/Info.plist;
				LD_RUNPATH_SEARCH_PATHS = "$(inherited) @executable_path/Frameworks";
				PRODUCT_BUNDLE_IDENTIFIER = DunkGeek.KamasUltraBase;
				PRODUCT_NAME = "$(TARGET_NAME)";
				SWIFT_VERSION = 4.0;
				TARGETED_DEVICE_FAMILY = "1,2";
			};
			name = Debug;
		};
		AD71959F1FE49BC900F65030 /* Release */ = {
			isa = XCBuildConfiguration;
			buildSettings = {
				ASSETCATALOG_COMPILER_APPICON_NAME = AppIcon;
				CODE_SIGN_STYLE = Automatic;
				DEVELOPMENT_TEAM = JWYZUH34NP;
				INFOPLIST_FILE = KamasUltraBase/Info.plist;
				LD_RUNPATH_SEARCH_PATHS = "$(inherited) @executable_path/Frameworks";
				PRODUCT_BUNDLE_IDENTIFIER = DunkGeek.KamasUltraBase;
				PRODUCT_NAME = "$(TARGET_NAME)";
				SWIFT_VERSION = 4.0;
				TARGETED_DEVICE_FAMILY = "1,2";
			};
			name = Release;
		};
/* End XCBuildConfiguration section */

/* Begin XCConfigurationList section */
		AD7195861FE49BC900F65030 /* Build configuration list for PBXProject "KamasUltraBase" */ = {
			isa = XCConfigurationList;
			buildConfigurations = (
				AD71959B1FE49BC900F65030 /* Debug */,
				AD71959C1FE49BC900F65030 /* Release */,
			);
			defaultConfigurationIsVisible = 0;
			defaultConfigurationName = Release;
		};
		AD71959D1FE49BC900F65030 /* Build configuration list for PBXNativeTarget "KamasUltraBase" */ = {
			isa = XCConfigurationList;
			buildConfigurations = (
				AD71959E1FE49BC900F65030 /* Debug */,
				AD71959F1FE49BC900F65030 /* Release */,
			);
			defaultConfigurationIsVisible = 0;
			defaultConfigurationName = Release;
		};
/* End XCConfigurationList section */
	};
	rootObject = AD7195831FE49BC900F65030 /* Project object */;
}
